<?xml version="1.0" encoding="utf-8"?>
<Project ToolsVersion="17.0" xmlns="http://schemas.microsoft.com/developer/msbuild/2003">
  <ItemGroup>
    <ClCompile Include="E:\RealTimeRayTracing\external_sources\stb_image\stb_image.cpp">
      <Filter>Source Files</Filter>
    </ClCompile>
    <ClCompile Include="E:\RealTimeRayTracing\src\GLWrapper.cpp">
      <Filter>Source Files</Filter>
    </ClCompile>
    <ClCompile Include="E:\RealTimeRayTracing\src\SceneManager.cpp">
      <Filter>Source Files</Filter>
    </ClCompile>
    <ClCompile Include="E:\RealTimeRayTracing\src\main.cpp">
      <Filter>Source Files</Filter>
    </ClCompile>
    <ClCompile Include="E:\RealTimeRayTracing\external_sources\glad\src\glad.c">
      <Filter>Source Files</Filter>
    </ClCompile>
  </ItemGroup>
  <ItemGroup>
    <ClInclude Include="E:\RealTimeRayTracing\src\AreaTex.h">
      <Filter>Header Files</Filter>
    </ClInclude>
    <ClInclude Include="E:\RealTimeRayTracing\src\GLWrapper.h">
      <Filter>Header Files</Filter>
    </ClInclude>
    <ClInclude Include="E:\RealTimeRayTracing\src\SMAA_Builder.h">
      <Filter>Header Files</Filter>
    </ClInclude>
    <ClInclude Include="E:\RealTimeRayTracing\src\SceneManager.h">
      <Filter>Header Files</Filter>
    </ClInclude>
    <ClInclude Include="E:\RealTimeRayTracing\src\SearchTex.h">
      <Filter>Header Files</Filter>
    </ClInclude>
    <ClInclude Include="E:\RealTimeRayTracing\src\Surface.h">
      <Filter>Header Files</Filter>
    </ClInclude>
    <ClInclude Include="E:\RealTimeRayTracing\src\scene.h">
      <Filter>Header Files</Filter>
    </ClInclude>
    <ClInclude Include="E:\RealTimeRayTracing\src\shader.h">
      <Filter>Header Files</Filter>
    </ClInclude>
    <ClInclude Include="E:\RealTimeRayTracing\src\utils.h">
      <Filter>Header Files</Filter>
    </ClInclude>
  </ItemGroup>
  <ItemGroup>
    <CustomBuild Include="E:\RealTimeRayTracing\CMakeLists.txt" />
  </ItemGroup>
  <ItemGroup>
    <Filter Include="Header Files">
      <UniqueIdentifier>{4A5B127B-E21C-310D-99AB-8D82746B404E}</UniqueIdentifier>
    </Filter>
    <Filter Include="Source Files">
      <UniqueIdentifier>{F9343F72-CD94-32F9-81A1-6B1630663996}</UniqueIdentifier>
    </Filter>
  </ItemGroup>
</Project>
